{
  "name": "burgers-only",
  "version": "1.0.0",
  "lockfileVersion": 3,
  "requires": true,
  "packages": {
    "": {
      "name": "burgers-only",
      "version": "1.0.0",
      "license": "ISC",
      "dependencies": {
        "@growthbook/growthbook": "^1.6.5"
      }
    },
    "node_modules/@growthbook/growthbook": {
      "version": "1.6.5",
      "resolved": "https://registry.npmjs.org/@growthbook/growthbook/-/growthbook-1.6.5.tgz",
      "integrity": "sha512-mUaMsgeUTpRIUOTn33EUXHRK6j7pxBjwqH4WpQyq+pukjd1AIzWlEa6w7i6bInJUcweGgP2beXZmaP6b6UPn7A==",
      "license": "MIT",
      "dependencies": {
        "dom-mutator": "^0.6.0"
      },
      "engines": {
        "node": ">=10"
      }
    },
    "node_modules/dom-mutator": {
      "version": "0.6.0",
      "resolved": "https://registry.npmjs.org/dom-mutator/-/dom-mutator-0.6.0.tgz",
      "integrity": "sha512-iCt9o0aYfXMUkz/43ZOAUFQYotjGB+GNbYJiJdz4TgXkyToXbbRy5S6FbTp72lRBtfpUMwEc1KmpFEU4CZeoNg==",
      "license": "MIT",
      "engines": {
        "node": ">=10"
      }
    }
  }
}
